
Microsoft Visual Studio Solution File, Format Version 12.00
# Visual Studio 15
VisualStudioVersion = 15.0.28307.329
MinimumVisualStudioVersion = 10.0.40219.1
Project("{9A19103F-16F7-4668-BE54-9A1E7A4F7556}") = "CozyCo.WebUI", "CozyCo\CozyCo.WebUI.csproj", "{7DB97CD8-5DC0-44FE-B2DE-39F93D5654FE}"
EndProject
Project("{9A19103F-16F7-4668-BE54-9A1E7A4F7556}") = "CozyCo.Models", "CozyCo.Model\CozyCo.Models.csproj", "{30747C0A-2A6D-4125-942C-29A164FCAB03}"
EndProject
Global
	GlobalSection(SolutionConfigurationPlatforms) = preSolution
		Debug|Any CPU = Debug|Any CPU
		Release|Any CPU = Release|Any CPU
	EndGlobalSection
	GlobalSection(ProjectConfigurationPlatforms) = postSolution
		{7DB97CD8-5DC0-44FE-B2DE-39F93D5654FE}.Debug|Any CPU.ActiveCfg = Debug|Any CPU
		{7DB97CD8-5DC0-44FE-B2DE-39F93D5654FE}.Debug|Any CPU.Build.0 = Debug|Any CPU
		{7DB97CD8-5DC0-44FE-B2DE-39F93D5654FE}.Release|Any CPU.ActiveCfg = Release|Any CPU
		{7DB97CD8-5DC0-44FE-B2DE-39F93D5654FE}.Release|Any CPU.Build.0 = Release|Any CPU
		{30747C0A-2A6D-4125-942C-29A164FCAB03}.Debug|Any CPU.ActiveCfg = Debug|Any CPU
		{30747C0A-2A6D-4125-942C-29A164FCAB03}.Debug|Any CPU.Build.0 = Debug|Any CPU
		{30747C0A-2A6D-4125-942C-29A164FCAB03}.Release|Any CPU.ActiveCfg = Release|Any CPU
		{30747C0A-2A6D-4125-942C-29A164FCAB03}.Release|Any CPU.Build.0 = Release|Any CPU
	EndGlobalSection
	GlobalSection(SolutionProperties) = preSolution
		HideSolutionNode = FALSE
	EndGlobalSection
	GlobalSection(ExtensibilityGlobals) = postSolution
		SolutionGuid = {E82A04D0-9AC1-4C69-89FF-754D0CE52F5B}
	EndGlobalSection
EndGlobal
